<?xml version="1.0" encoding="utf-8"?>
<Project ToolsVersion="4.0" xmlns="http://schemas.microsoft.com/developer/msbuild/2003">
  <ItemGroup>
    <Filter Include="Source Files">
      <UniqueIdentifier>{4FC737F1-C7A5-4376-A066-2A32D752A2FF}</UniqueIdentifier>
      <Extensions>cpp;c;cc;cxx;c++;cppm;ixx;def;odl;idl;hpj;bat;asm;asmx</Extensions>
    </Filter>
    <Filter Include="Header Files">
      <UniqueIdentifier>{93995380-89BD-4b04-88EB-625FBE52EBFB}</UniqueIdentifier>
      <Extensions>h;hh;hpp;hxx;h++;hm;inl;inc;ipp;xsd</Extensions>
    </Filter>
    <Filter Include="Resource Files">
      <UniqueIdentifier>{67DA6AB6-F800-4c08-8B7A-83BB121AAD01}</UniqueIdentifier>
      <Extensions>rc;ico;cur;bmp;dlg;rc2;rct;bin;rgs;gif;jpg;jpeg;jpe;resx;tiff;tif;png;wav;mfcribbon-ms</Extensions>
    </Filter>
    <Filter Include="Header Files\Core">
      <UniqueIdentifier>{55da79c7-e9da-4d24-b7af-540ec4e86643}</UniqueIdentifier>
    </Filter>
    <Filter Include="Source Files\Core">
      <UniqueIdentifier>{8e5f767a-25e5-44d8-9243-2b58686a2a29}</UniqueIdentifier>
    </Filter>
    <Filter Include="Header Files\Decorator">
      <UniqueIdentifier>{ec2e41a8-bb98-4e67-8e25-58f46f874edb}</UniqueIdentifier>
    </Filter>
    <Filter Include="Source Files\Decorator">
      <UniqueIdentifier>{b7c9385f-67f8-405c-b58c-5f35c0448169}</UniqueIdentifier>
    </Filter>
    <Filter Include="Source Files\Observer">
      <UniqueIdentifier>{323c940f-4f87-4817-8aa1-0564f32c65da}</UniqueIdentifier>
    </Filter>
    <Filter Include="Header Files\Observer">
      <UniqueIdentifier>{bc9df623-23a6-487d-9bc7-33da1c08b5f0}</UniqueIdentifier>
    </Filter>
    <Filter Include="Source Files\Strategy">
      <UniqueIdentifier>{60f0a54a-1b77-4360-b302-04d249f385af}</UniqueIdentifier>
    </Filter>
    <Filter Include="Header Files\Strategy">
      <UniqueIdentifier>{cfeeb541-3c16-4019-8bf1-1c296463233c}</UniqueIdentifier>
    </Filter>
    <Filter Include="Header Files\Singleton">
      <UniqueIdentifier>{e0b8f434-03ba-4021-9b41-94505054432c}</UniqueIdentifier>
    </Filter>
    <Filter Include="Source Files\Singleton">
      <UniqueIdentifier>{16bfee32-461f-4d8d-96e9-2f31f3c5b45c}</UniqueIdentifier>
    </Filter>
    <Filter Include="Header Files\Factory">
      <UniqueIdentifier>{9b86fc42-c0bc-4001-ab37-ce8d9b3cee90}</UniqueIdentifier>
    </Filter>
    <Filter Include="Source Files\Factory">
      <UniqueIdentifier>{25dcd6c2-4730-4f07-b95b-2e65d37cce96}</UniqueIdentifier>
    </Filter>
    <Filter Include="Source Files\Library">
      <UniqueIdentifier>{5a53e3da-0eab-42f2-a28d-3f19fb4979c3}</UniqueIdentifier>
    </Filter>
    <Filter Include="Header Files\Library">
      <UniqueIdentifier>{9249cfed-03d5-4b7a-aa9b-72dd81d621fc}</UniqueIdentifier>
    </Filter>
    <Filter Include="Source Files\Database">
      <UniqueIdentifier>{55685199-6dee-424d-851d-43ce1e19da22}</UniqueIdentifier>
    </Filter>
    <Filter Include="Header Files\Database">
      <UniqueIdentifier>{98901ae2-75e2-47a4-a8d7-48605745cc85}</UniqueIdentifier>
    </Filter>
  </ItemGroup>
  <ItemGroup>
    <ClCompile Include="main.cpp">
      <Filter>Source Files</Filter>
    </ClCompile>
    <ClCompile Include="Book.cpp">
      <Filter>Source Files\Core</Filter>
    </ClCompile>
    <ClCompile Include="User.cpp">
      <Filter>Source Files\Core</Filter>
    </ClCompile>
    <ClCompile Include="DiscountDecorator.cpp">
      <Filter>Source Files\Decorator</Filter>
    </ClCompile>
    <ClCompile Include="Observer.cpp">
      <Filter>Source Files\Observer</Filter>
    </ClCompile>
    <ClCompile Include="FeeStrategy.cpp">
      <Filter>Source Files\Strategy</Filter>
    </ClCompile>
    <ClCompile Include="BookInventory.cpp">
      <Filter>Source Files\Singleton</Filter>
    </ClCompile>
    <ClCompile Include="WaitingListManager.cpp">
      <Filter>Source Files\Singleton</Filter>
    </ClCompile>
    <ClCompile Include="RentalManager.cpp">
      <Filter>Source Files\Singleton</Filter>
    </ClCompile>
    <ClCompile Include="AbstractMembershipFactory.cpp">
      <Filter>Source Files\Factory</Filter>
    </ClCompile>
    <ClCompile Include="LibrarySystem.cpp">
      <Filter>Source Files\Library</Filter>
    </ClCompile>
    <ClCompile Include="CLI.cpp">
      <Filter>Source Files\Core</Filter>
    </ClCompile>
    <ClCompile Include="Admin.cpp">
      <Filter>Source Files\Core</Filter>
    </ClCompile>
    <ClCompile Include="UserDB.cpp">
      <Filter>Source Files\Database</Filter>
    </ClCompile>
    <ClCompile Include="BookDB.cpp">
      <Filter>Source Files\Database</Filter>
    </ClCompile>
    <ClCompile Include="sqlite3.c">
      <Filter>Source Files\Database</Filter>
    </ClCompile>
    <ClCompile Include="FactoryRegistry.cpp">
      <Filter>Source Files\Factory</Filter>
    </ClCompile>
    <ClCompile Include="NormalFactory.cpp">
      <Filter>Source Files\Factory</Filter>
    </ClCompile>
    <ClCompile Include="PremiumFactory.cpp">
      <Filter>Source Files\Factory</Filter>
    </ClCompile>
    <ClCompile Include="RestrictedFactory.cpp">
      <Filter>Source Files\Factory</Filter>
    </ClCompile>
  </ItemGroup>
  <ItemGroup>
    <ClInclude Include="Book.h">
      <Filter>Header Files\Core</Filter>
    </ClInclude>
    <ClInclude Include="User.h">
      <Filter>Header Files\Core</Filter>
    </ClInclude>
    <ClInclude Include="DiscountDecorator.h">
      <Filter>Header Files\Decorator</Filter>
    </ClInclude>
    <ClInclude Include="Observer.h">
      <Filter>Header Files\Observer</Filter>
    </ClInclude>
    <ClInclude Include="FeeStrategy.h">
      <Filter>Header Files\Strategy</Filter>
    </ClInclude>
    <ClInclude Include="BookInventory.h">
      <Filter>Header Files\Singleton</Filter>
    </ClInclude>
    <ClInclude Include="WaitingListManager.h">
      <Filter>Header Files\Singleton</Filter>
    </ClInclude>
    <ClInclude Include="RentalManager.h">
      <Filter>Header Files\Singleton</Filter>
    </ClInclude>
    <ClInclude Include="AbstractMembershipFactory.h">
      <Filter>Header Files\Factory</Filter>
    </ClInclude>
    <ClInclude Include="NormalFactory.h">
      <Filter>Header Files\Factory</Filter>
    </ClInclude>
    <ClInclude Include="PremiumFactory.h">
      <Filter>Header Files\Factory</Filter>
    </ClInclude>
    <ClInclude Include="RestrictedFactory.h">
      <Filter>Header Files\Factory</Filter>
    </ClInclude>
    <ClInclude Include="LibrarySystem.h">
      <Filter>Header Files\Library</Filter>
    </ClInclude>
    <ClInclude Include="CLI.h">
      <Filter>Header Files\Core</Filter>
    </ClInclude>
    <ClInclude Include="Admin.h">
      <Filter>Header Files\Core</Filter>
    </ClInclude>
    <ClInclude Include="Database.h">
      <Filter>Header Files\Database</Filter>
    </ClInclude>
    <ClInclude Include="sqlite3.h">
      <Filter>Header Files\Database</Filter>
    </ClInclude>
    <ClInclude Include="sqlite3ext.h">
      <Filter>Header Files\Database</Filter>
    </ClInclude>
    <ClInclude Include="FactoryRegistry.h">
      <Filter>Header Files\Factory</Filter>
    </ClInclude>
    <ClInclude Include="UserDB.h">
      <Filter>Header Files\Database</Filter>
    </ClInclude>
  </ItemGroup>
</Project>